// !$*UTF8*$!
{
	archiveVersion = 1;
	classes = {
	};
	objectVersion = 50;
	objects = {

/* Begin PBXBuildFile section */
		EB42C9852242E03D00E74BE5 /* Button1.jpg in Resources */ = {isa = PBXBuildFile; fileRef = EB42C9842242E03C00E74BE5 /* Button1.jpg */; };
		EB5F2829225E92C600ABE348 /* Blooper 8.wav in Resources */ = {isa = PBXBuildFile; fileRef = EB5F2828225E92C600ABE348 /* Blooper 8.wav */; };
		F40A4E722214B7D8006D9526 /* AppDelegate.swift in Sources */ = {isa = PBXBuildFile; fileRef = F40A4E712214B7D8006D9526 /* AppDelegate.swift */; };
		F40A4E742214B7D8006D9526 /* GameScene.sks in Resources */ = {isa = PBXBuildFile; fileRef = F40A4E732214B7D8006D9526 /* GameScene.sks */; };
		F40A4E762214B7D8006D9526 /* Actions.sks in Resources */ = {isa = PBXBuildFile; fileRef = F40A4E752214B7D8006D9526 /* Actions.sks */; };
		F40A4E782214B7D8006D9526 /* GameScene.swift in Sources */ = {isa = PBXBuildFile; fileRef = F40A4E772214B7D8006D9526 /* GameScene.swift */; };
		F40A4E7A2214B7D8006D9526 /* GameViewController.swift in Sources */ = {isa = PBXBuildFile; fileRef = F40A4E792214B7D8006D9526 /* GameViewController.swift */; };
		F40A4E7D2214B7D8006D9526 /* Main.storyboard in Resources */ = {isa = PBXBuildFile; fileRef = F40A4E7B2214B7D8006D9526 /* Main.storyboard */; };
		F40A4E7F2214B7D8006D9526 /* Assets.xcassets in Resources */ = {isa = PBXBuildFile; fileRef = F40A4E7E2214B7D8006D9526 /* Assets.xcassets */; };
		F40A4E822214B7D8006D9526 /* LaunchScreen.storyboard in Resources */ = {isa = PBXBuildFile; fileRef = F40A4E802214B7D8006D9526 /* LaunchScreen.storyboard */; };
		F40A4E8D2214B7D9006D9526 /* DungaAppTests.swift in Sources */ = {isa = PBXBuildFile; fileRef = F40A4E8C2214B7D9006D9526 /* DungaAppTests.swift */; };
		F40A4E982214B7D9006D9526 /* DungaAppUITests.swift in Sources */ = {isa = PBXBuildFile; fileRef = F40A4E972214B7D9006D9526 /* DungaAppUITests.swift */; };
		F456A7422214BB50003FED56 /* FirebaseCoreDiagnostics.framework in Frameworks */ = {isa = PBXBuildFile; fileRef = F456A73A2214BB4F003FED56 /* FirebaseCoreDiagnostics.framework */; };
		F456A7432214BB50003FED56 /* GoogleAppMeasurement.framework in Frameworks */ = {isa = PBXBuildFile; fileRef = F456A73B2214BB4F003FED56 /* GoogleAppMeasurement.framework */; };
		F456A7442214BB50003FED56 /* FirebaseCore.framework in Frameworks */ = {isa = PBXBuildFile; fileRef = F456A73C2214BB4F003FED56 /* FirebaseCore.framework */; };
		F456A7452214BB50003FED56 /* GoogleUtilities.framework in Frameworks */ = {isa = PBXBuildFile; fileRef = F456A73D2214BB4F003FED56 /* GoogleUtilities.framework */; };
		F456A7462214BB50003FED56 /* FIRAnalyticsConnector.framework in Frameworks */ = {isa = PBXBuildFile; fileRef = F456A73E2214BB50003FED56 /* FIRAnalyticsConnector.framework */; };
		F456A7472214BB50003FED56 /* FirebaseInstanceID.framework in Frameworks */ = {isa = PBXBuildFile; fileRef = F456A73F2214BB50003FED56 /* FirebaseInstanceID.framework */; };
		F456A7482214BB50003FED56 /* FirebaseAnalytics.framework in Frameworks */ = {isa = PBXBuildFile; fileRef = F456A7402214BB50003FED56 /* FirebaseAnalytics.framework */; };
		F456A7492214BB50003FED56 /* nanopb.framework in Frameworks */ = {isa = PBXBuildFile; fileRef = F456A7412214BB50003FED56 /* nanopb.framework */; };
		F456A74C2214BD31003FED56 /* leveldb-library.framework in Frameworks */ = {isa = PBXBuildFile; fileRef = F456A74A2214BD30003FED56 /* leveldb-library.framework */; };
		F456A74D2214BD31003FED56 /* FirebaseDatabase.framework in Frameworks */ = {isa = PBXBuildFile; fileRef = F456A74B2214BD31003FED56 /* FirebaseDatabase.framework */; };
		F456A7542214C9C5003FED56 /* GoogleService-Info.plist in Resources */ = {isa = PBXBuildFile; fileRef = F456A7532214C9C5003FED56 /* GoogleService-Info.plist */; };
/* End PBXBuildFile section */

/* Begin PBXContainerItemProxy section */
		F40A4E892214B7D9006D9526 /* PBXContainerItemProxy */ = {
			isa = PBXContainerItemProxy;
			containerPortal = F40A4E662214B7D8006D9526 /* Project object */;
			proxyType = 1;
			remoteGlobalIDString = F40A4E6D2214B7D8006D9526;
			remoteInfo = DungaApp;
		};
		F40A4E942214B7D9006D9526 /* PBXContainerItemProxy */ = {
			isa = PBXContainerItemProxy;
			containerPortal = F40A4E662214B7D8006D9526 /* Project object */;
			proxyType = 1;
			remoteGlobalIDString = F40A4E6D2214B7D8006D9526;
			remoteInfo = DungaApp;
		};
/* End PBXContainerItemProxy section */

/* Begin PBXFileReference section */
		EB42C9842242E03C00E74BE5 /* Button1.jpg */ = {isa = PBXFileReference; lastKnownFileType = image.jpeg; path = Button1.jpg; sourceTree = SOURCE_ROOT; };
		EB5F2828225E92C600ABE348 /* Blooper 8.wav */ = {isa = PBXFileReference; lastKnownFileType = audio.wav; name = "Blooper 8.wav"; path = "../../../../../Downloads/Blooper 8.wav"; sourceTree = "<group>"; };
		EB5F282A225E92CA00ABE348 /* Blooper 8.wav */ = {isa = PBXFileReference; lastKnownFileType = audio.wav; path = "Blooper 8.wav"; sourceTree = "<group>"; };
		F40A4E6E2214B7D8006D9526 /* DungaApp.app */ = {isa = PBXFileReference; explicitFileType = wrapper.application; includeInIndex = 0; path = DungaApp.app; sourceTree = BUILT_PRODUCTS_DIR; };
		F40A4E712214B7D8006D9526 /* AppDelegate.swift */ = {isa = PBXFileReference; lastKnownFileType = sourcecode.swift; path = AppDelegate.swift; sourceTree = "<group>"; };
		F40A4E732214B7D8006D9526 /* GameScene.sks */ = {isa = PBXFileReference; lastKnownFileType = file.sks; path = GameScene.sks; sourceTree = "<group>"; };
		F40A4E752214B7D8006D9526 /* Actions.sks */ = {isa = PBXFileReference; lastKnownFileType = file.sks; path = Actions.sks; sourceTree = "<group>"; };
		F40A4E772214B7D8006D9526 /* GameScene.swift */ = {isa = PBXFileReference; lastKnownFileType = sourcecode.swift; path = GameScene.swift; sourceTree = "<group>"; };
		F40A4E792214B7D8006D9526 /* GameViewController.swift */ = {isa = PBXFileReference; lastKnownFileType = sourcecode.swift; path = GameViewController.swift; sourceTree = "<group>"; tabWidth = 4; usesTabs = 0; };
		F40A4E7C2214B7D8006D9526 /* Base */ = {isa = PBXFileReference; lastKnownFileType = file.storyboard; name = Base; path = Base.lproj/Main.storyboard; sourceTree = "<group>"; };
		F40A4E7E2214B7D8006D9526 /* Assets.xcassets */ = {isa = PBXFileReference; lastKnownFileType = folder.assetcatalog; path = Assets.xcassets; sourceTree = "<group>"; };
		F40A4E812214B7D8006D9526 /* Base */ = {isa = PBXFileReference; lastKnownFileType = file.storyboard; name = Base; path = Base.lproj/LaunchScreen.storyboard; sourceTree = "<group>"; };
		F40A4E832214B7D8006D9526 /* Info.plist */ = {isa = PBXFileReference; lastKnownFileType = text.plist.xml; path = Info.plist; sourceTree = "<group>"; };
		F40A4E882214B7D9006D9526 /* DungaAppTests.xctest */ = {isa = PBXFileReference; explicitFileType = wrapper.cfbundle; includeInIndex = 0; path = DungaAppTests.xctest; sourceTree = BUILT_PRODUCTS_DIR; };
		F40A4E8C2214B7D9006D9526 /* DungaAppTests.swift */ = {isa = PBXFileReference; lastKnownFileType = sourcecode.swift; path = DungaAppTests.swift; sourceTree = "<group>"; };
		F40A4E8E2214B7D9006D9526 /* Info.plist */ = {isa = PBXFileReference; lastKnownFileType = text.plist.xml; path = Info.plist; sourceTree = "<group>"; };
		F40A4E932214B7D9006D9526 /* DungaAppUITests.xctest */ = {isa = PBXFileReference; explicitFileType = wrapper.cfbundle; includeInIndex = 0; path = DungaAppUITests.xctest; sourceTree = BUILT_PRODUCTS_DIR; };
		F40A4E972214B7D9006D9526 /* DungaAppUITests.swift */ = {isa = PBXFileReference; lastKnownFileType = sourcecode.swift; path = DungaAppUITests.swift; sourceTree = "<group>"; };
		F40A4E992214B7D9006D9526 /* Info.plist */ = {isa = PBXFileReference; lastKnownFileType = text.plist.xml; path = Info.plist; sourceTree = "<group>"; };
		F456A73A2214BB4F003FED56 /* FirebaseCoreDiagnostics.framework */ = {isa = PBXFileReference; lastKnownFileType = wrapper.framework; path = FirebaseCoreDiagnostics.framework; sourceTree = "<group>"; };
		F456A73B2214BB4F003FED56 /* GoogleAppMeasurement.framework */ = {isa = PBXFileReference; lastKnownFileType = wrapper.framework; path = GoogleAppMeasurement.framework; sourceTree = "<group>"; };
		F456A73C2214BB4F003FED56 /* FirebaseCore.framework */ = {isa = PBXFileReference; lastKnownFileType = wrapper.framework; path = FirebaseCore.framework; sourceTree = "<group>"; };
		F456A73D2214BB4F003FED56 /* GoogleUtilities.framework */ = {isa = PBXFileReference; lastKnownFileType = wrapper.framework; path = GoogleUtilities.framework; sourceTree = "<group>"; };
		F456A73E2214BB50003FED56 /* FIRAnalyticsConnector.framework */ = {isa = PBXFileReference; lastKnownFileType = wrapper.framework; path = FIRAnalyticsConnector.framework; sourceTree = "<group>"; };
		F456A73F2214BB50003FED56 /* FirebaseInstanceID.framework */ = {isa = PBXFileReference; lastKnownFileType = wrapper.framework; path = FirebaseInstanceID.framework; sourceTree = "<group>"; };
		F456A7402214BB50003FED56 /* FirebaseAnalytics.framework */ = {isa = PBXFileReference; lastKnownFileType = wrapper.framework; path = FirebaseAnalytics.framework; sourceTree = "<group>"; };
		F456A7412214BB50003FED56 /* nanopb.framework */ = {isa = PBXFileReference; lastKnownFileType = wrapper.framework; path = nanopb.framework; sourceTree = "<group>"; };
		F456A74A2214BD30003FED56 /* leveldb-library.framework */ = {isa = PBXFileReference; lastKnownFileType = wrapper.framework; path = "leveldb-library.framework"; sourceTree = "<group>"; };
		F456A74B2214BD31003FED56 /* FirebaseDatabase.framework */ = {isa = PBXFileReference; lastKnownFileType = wrapper.framework; path = FirebaseDatabase.framework; sourceTree = "<group>"; };
		F456A74E2214BF0A003FED56 /* Firebase.h */ = {isa = PBXFileReference; fileEncoding = 4; lastKnownFileType = sourcecode.c.h; path = Firebase.h; sourceTree = "<group>"; };
		F456A74F2214C1FE003FED56 /* module.modulemap */ = {isa = PBXFileReference; lastKnownFileType = "sourcecode.module-map"; path = module.modulemap; sourceTree = "<group>"; };
		F456A7532214C9C5003FED56 /* GoogleService-Info.plist */ = {isa = PBXFileReference; lastKnownFileType = text.plist.xml; path = "GoogleService-Info.plist"; sourceTree = "<group>"; };
/* End PBXFileReference section */

/* Begin PBXFrameworksBuildPhase section */
		F40A4E6B2214B7D8006D9526 /* Frameworks */ = {
			isa = PBXFrameworksBuildPhase;
			buildActionMask = 2147483647;
			files = (
				F456A7432214BB50003FED56 /* GoogleAppMeasurement.framework in Frameworks */,
				F456A7472214BB50003FED56 /* FirebaseInstanceID.framework in Frameworks */,
				F456A7492214BB50003FED56 /* nanopb.framework in Frameworks */,
				F456A7422214BB50003FED56 /* FirebaseCoreDiagnostics.framework in Frameworks */,
				F456A74D2214BD31003FED56 /* FirebaseDatabase.framework in Frameworks */,
				F456A7452214BB50003FED56 /* GoogleUtilities.framework in Frameworks */,
				F456A74C2214BD31003FED56 /* leveldb-library.framework in Frameworks */,
				F456A7482214BB50003FED56 /* FirebaseAnalytics.framework in Frameworks */,
				F456A7462214BB50003FED56 /* FIRAnalyticsConnector.framework in Frameworks */,
				F456A7442214BB50003FED56 /* FirebaseCore.framework in Frameworks */,
			);
			runOnlyForDeploymentPostprocessing = 0;
		};
		F40A4E852214B7D9006D9526 /* Frameworks */ = {
			isa = PBXFrameworksBuildPhase;
			buildActionMask = 2147483647;
			files = (
			);
			runOnlyForDeploymentPostprocessing = 0;
		};
		F40A4E902214B7D9006D9526 /* Frameworks */ = {
			isa = PBXFrameworksBuildPhase;
			buildActionMask = 2147483647;
			files = (
			);
			runOnlyForDeploymentPostprocessing = 0;
		};
/* End PBXFrameworksBuildPhase section */

/* Begin PBXGroup section */
		EB42C9812242DE3100E74BE5 /* Button Images */ = {
			isa = PBXGroup;
			children = (
				EB5F2828225E92C600ABE348 /* Blooper 8.wav */,
				EB42C9842242E03C00E74BE5 /* Button1.jpg */,
			);
			path = "Button Images";
			sourceTree = "<group>";
		};
		EB5F2827225E927E00ABE348 /* Audio */ = {
			isa = PBXGroup;
			children = (
				EB5F282A225E92CA00ABE348 /* Blooper 8.wav */,
			);
			path = Audio;
			sourceTree = "<group>";
		};
		F40A4E652214B7D8006D9526 = {
			isa = PBXGroup;
			children = (
				EB5F2827225E927E00ABE348 /* Audio */,
				EB42C9812242DE3100E74BE5 /* Button Images */,
				F456A7532214C9C5003FED56 /* GoogleService-Info.plist */,
				F40A4E702214B7D8006D9526 /* DungaApp */,
				F40A4E8B2214B7D9006D9526 /* DungaAppTests */,
				F40A4E962214B7D9006D9526 /* DungaAppUITests */,
				F40A4E6F2214B7D8006D9526 /* Products */,
				F456A74E2214BF0A003FED56 /* Firebase.h */,
				F456A74F2214C1FE003FED56 /* module.modulemap */,
				F456A74B2214BD31003FED56 /* FirebaseDatabase.framework */,
				F456A74A2214BD30003FED56 /* leveldb-library.framework */,
				F456A73E2214BB50003FED56 /* FIRAnalyticsConnector.framework */,
				F456A7402214BB50003FED56 /* FirebaseAnalytics.framework */,
				F456A73C2214BB4F003FED56 /* FirebaseCore.framework */,
				F456A73A2214BB4F003FED56 /* FirebaseCoreDiagnostics.framework */,
				F456A73F2214BB50003FED56 /* FirebaseInstanceID.framework */,
				F456A73B2214BB4F003FED56 /* GoogleAppMeasurement.framework */,
				F456A73D2214BB4F003FED56 /* GoogleUtilities.framework */,
				F456A7412214BB50003FED56 /* nanopb.framework */,
			);
			sourceTree = "<group>";
		};
		F40A4E6F2214B7D8006D9526 /* Products */ = {
			isa = PBXGroup;
			children = (
				F40A4E6E2214B7D8006D9526 /* DungaApp.app */,
				F40A4E882214B7D9006D9526 /* DungaAppTests.xctest */,
				F40A4E932214B7D9006D9526 /* DungaAppUITests.xctest */,
			);
			name = Products;
			sourceTree = "<group>";
		};
		F40A4E702214B7D8006D9526 /* DungaApp */ = {
			isa = PBXGroup;
			children = (
				F40A4E712214B7D8006D9526 /* AppDelegate.swift */,
				F40A4E732214B7D8006D9526 /* GameScene.sks */,
				F40A4E752214B7D8006D9526 /* Actions.sks */,
				F40A4E772214B7D8006D9526 /* GameScene.swift */,
				F40A4E792214B7D8006D9526 /* GameViewController.swift */,
				F40A4E7B2214B7D8006D9526 /* Main.storyboard */,
				F40A4E7E2214B7D8006D9526 /* Assets.xcassets */,
				F40A4E802214B7D8006D9526 /* LaunchScreen.storyboard */,
				F40A4E832214B7D8006D9526 /* Info.plist */,
			);
			path = DungaApp;
			sourceTree = "<group>";
		};
		F40A4E8B2214B7D9006D9526 /* DungaAppTests */ = {
			isa = PBXGroup;
			children = (
				F40A4E8C2214B7D9006D9526 /* DungaAppTests.swift */,
				F40A4E8E2214B7D9006D9526 /* Info.plist */,
			);
			path = DungaAppTests;
			sourceTree = "<group>";
		};
		F40A4E962214B7D9006D9526 /* DungaAppUITests */ = {
			isa = PBXGroup;
			children = (
				F40A4E972214B7D9006D9526 /* DungaAppUITests.swift */,
				F40A4E992214B7D9006D9526 /* Info.plist */,
			);
			path = DungaAppUITests;
			sourceTree = "<group>";
		};
/* End PBXGroup section */

/* Begin PBXNativeTarget section */
		F40A4E6D2214B7D8006D9526 /* DungaApp */ = {
			isa = PBXNativeTarget;
			buildConfigurationList = F40A4E9C2214B7D9006D9526 /* Build configuration list for PBXNativeTarget "DungaApp" */;
			buildPhases = (
				F40A4E6A2214B7D8006D9526 /* Sources */,
				F40A4E6B2214B7D8006D9526 /* Frameworks */,
				F40A4E6C2214B7D8006D9526 /* Resources */,
			);
			buildRules = (
			);
			dependencies = (
			);
			name = DungaApp;
			productName = DungaApp;
			productReference = F40A4E6E2214B7D8006D9526 /* DungaApp.app */;
			productType = "com.apple.product-type.application";
		};
		F40A4E872214B7D9006D9526 /* DungaAppTests */ = {
			isa = PBXNativeTarget;
			buildConfigurationList = F40A4E9F2214B7D9006D9526 /* Build configuration list for PBXNativeTarget "DungaAppTests" */;
			buildPhases = (
				F40A4E842214B7D9006D9526 /* Sources */,
				F40A4E852214B7D9006D9526 /* Frameworks */,
				F40A4E862214B7D9006D9526 /* Resources */,
			);
			buildRules = (
			);
			dependencies = (
				F40A4E8A2214B7D9006D9526 /* PBXTargetDependency */,
			);
			name = DungaAppTests;
			productName = DungaAppTests;
			productReference = F40A4E882214B7D9006D9526 /* DungaAppTests.xctest */;
			productType = "com.apple.product-type.bundle.unit-test";
		};
		F40A4E922214B7D9006D9526 /* DungaAppUITests */ = {
			isa = PBXNativeTarget;
			buildConfigurationList = F40A4EA22214B7D9006D9526 /* Build configuration list for PBXNativeTarget "DungaAppUITests" */;
			buildPhases = (
				F40A4E8F2214B7D9006D9526 /* Sources */,
				F40A4E902214B7D9006D9526 /* Frameworks */,
				F40A4E912214B7D9006D9526 /* Resources */,
			);
			buildRules = (
			);
			dependencies = (
				F40A4E952214B7D9006D9526 /* PBXTargetDependency */,
			);
			name = DungaAppUITests;
			productName = DungaAppUITests;
			productReference = F40A4E932214B7D9006D9526 /* DungaAppUITests.xctest */;
			productType = "com.apple.product-type.bundle.ui-testing";
		};
/* End PBXNativeTarget section */

/* Begin PBXProject section */
		F40A4E662214B7D8006D9526 /* Project object */ = {
			isa = PBXProject;
			attributes = {
				LastSwiftUpdateCheck = 0940;
				LastUpgradeCheck = 0940;
				ORGANIZATIONNAME = HotFireGames;
				TargetAttributes = {
					F40A4E6D2214B7D8006D9526 = {
						CreatedOnToolsVersion = 9.4.1;
					};
					F40A4E872214B7D9006D9526 = {
						CreatedOnToolsVersion = 9.4.1;
						TestTargetID = F40A4E6D2214B7D8006D9526;
					};
					F40A4E922214B7D9006D9526 = {
						CreatedOnToolsVersion = 9.4.1;
						TestTargetID = F40A4E6D2214B7D8006D9526;
					};
				};
			};
			buildConfigurationList = F40A4E692214B7D8006D9526 /* Build configuration list for PBXProject "DungaApp" */;
			compatibilityVersion = "Xcode 9.3";
			developmentRegion = en;
			hasScannedForEncodings = 0;
			knownRegions = (
				en,
				Base,
			);
			mainGroup = F40A4E652214B7D8006D9526;
			productRefGroup = F40A4E6F2214B7D8006D9526 /* Products */;
			projectDirPath = "";
			projectRoot = "";
			targets = (
				F40A4E6D2214B7D8006D9526 /* DungaApp */,
				F40A4E872214B7D9006D9526 /* DungaAppTests */,
				F40A4E922214B7D9006D9526 /* DungaAppUITests */,
			);
		};
/* End PBXProject section */

/* Begin PBXResourcesBuildPhase section */
		F40A4E6C2214B7D8006D9526 /* Resources */ = {
			isa = PBXResourcesBuildPhase;
			buildActionMask = 2147483647;
			files = (
				F456A7542214C9C5003FED56 /* GoogleService-Info.plist in Resources */,
				F40A4E7D2214B7D8006D9526 /* Main.storyboard in Resources */,
				F40A4E742214B7D8006D9526 /* GameScene.sks in Resources */,
				F40A4E7F2214B7D8006D9526 /* Assets.xcassets in Resources */,
				EB5F2829225E92C600ABE348 /* Blooper 8.wav in Resources */,
				F40A4E822214B7D8006D9526 /* LaunchScreen.storyboard in Resources */,
				EB42C9852242E03D00E74BE5 /* Button1.jpg in Resources */,
				F40A4E762214B7D8006D9526 /* Actions.sks in Resources */,
			);
			runOnlyForDeploymentPostprocessing = 0;
		};
		F40A4E862214B7D9006D9526 /* Resources */ = {
			isa = PBXResourcesBuildPhase;
			buildActionMask = 2147483647;
			files = (
			);
			runOnlyForDeploymentPostprocessing = 0;
		};
		F40A4E912214B7D9006D9526 /* Resources */ = {
			isa = PBXResourcesBuildPhase;
			buildActionMask = 2147483647;
			files = (
			);
			runOnlyForDeploymentPostprocessing = 0;
		};
/* End PBXResourcesBuildPhase section */

/* Begin PBXSourcesBuildPhase section */
		F40A4E6A2214B7D8006D9526 /* Sources */ = {
			isa = PBXSourcesBuildPhase;
			buildActionMask = 2147483647;
			files = (
				F40A4E782214B7D8006D9526 /* GameScene.swift in Sources */,
				F40A4E7A2214B7D8006D9526 /* GameViewController.swift in Sources */,
				F40A4E722214B7D8006D9526 /* AppDelegate.swift in Sources */,
			);
			runOnlyForDeploymentPostprocessing = 0;
		};
		F40A4E842214B7D9006D9526 /* Sources */ = {
			isa = PBXSourcesBuildPhase;
			buildActionMask = 2147483647;
			files = (
				F40A4E8D2214B7D9006D9526 /* DungaAppTests.swift in Sources */,
			);
			runOnlyForDeploymentPostprocessing = 0;
		};
		F40A4E8F2214B7D9006D9526 /* Sources */ = {
			isa = PBXSourcesBuildPhase;
			buildActionMask = 2147483647;
			files = (
				F40A4E982214B7D9006D9526 /* DungaAppUITests.swift in Sources */,
			);
			runOnlyForDeploymentPostprocessing = 0;
		};
/* End PBXSourcesBuildPhase section */

/* Begin PBXTargetDependency section */
		F40A4E8A2214B7D9006D9526 /* PBXTargetDependency */ = {
			isa = PBXTargetDependency;
			target = F40A4E6D2214B7D8006D9526 /* DungaApp */;
			targetProxy = F40A4E892214B7D9006D9526 /* PBXContainerItemProxy */;
		};
		F40A4E952214B7D9006D9526 /* PBXTargetDependency */ = {
			isa = PBXTargetDependency;
			target = F40A4E6D2214B7D8006D9526 /* DungaApp */;
			targetProxy = F40A4E942214B7D9006D9526 /* PBXContainerItemProxy */;
		};
/* End PBXTargetDependency section */

/* Begin PBXVariantGroup section */
		F40A4E7B2214B7D8006D9526 /* Main.storyboard */ = {
			isa = PBXVariantGroup;
			children = (
				F40A4E7C2214B7D8006D9526 /* Base */,
			);
			name = Main.storyboard;
			sourceTree = "<group>";
		};
		F40A4E802214B7D8006D9526 /* LaunchScreen.storyboard */ = {
			isa = PBXVariantGroup;
			children = (
				F40A4E812214B7D8006D9526 /* Base */,
			);
			name = LaunchScreen.storyboard;
			sourceTree = "<group>";
		};
/* End PBXVariantGroup section */

/* Begin XCBuildConfiguration section */
		F40A4E9A2214B7D9006D9526 /* Debug */ = {
			isa = XCBuildConfiguration;
			buildSettings = {
				ALWAYS_SEARCH_USER_PATHS = NO;
				CLANG_ANALYZER_NONNULL = YES;
				CLANG_ANALYZER_NUMBER_OBJECT_CONVERSION = YES_AGGRESSIVE;
				CLANG_CXX_LANGUAGE_STANDARD = "gnu++14";
				CLANG_CXX_LIBRARY = "libc++";
				CLANG_ENABLE_MODULES = YES;
				CLANG_ENABLE_OBJC_ARC = YES;
				CLANG_ENABLE_OBJC_WEAK = YES;
				CLANG_WARN_BLOCK_CAPTURE_AUTORELEASING = YES;
				CLANG_WARN_BOOL_CONVERSION = YES;
				CLANG_WARN_COMMA = YES;
				CLANG_WARN_CONSTANT_CONVERSION = YES;
				CLANG_WARN_DEPRECATED_OBJC_IMPLEMENTATIONS = YES;
				CLANG_WARN_DIRECT_OBJC_ISA_USAGE = YES_ERROR;
				CLANG_WARN_DOCUMENTATION_COMMENTS = YES;
				CLANG_WARN_EMPTY_BODY = YES;
				CLANG_WARN_ENUM_CONVERSION = YES;
				CLANG_WARN_INFINITE_RECURSION = YES;
				CLANG_WARN_INT_CONVERSION = YES;
				CLANG_WARN_NON_LITERAL_NULL_CONVERSION = YES;
				CLANG_WARN_OBJC_IMPLICIT_RETAIN_SELF = YES;
				CLANG_WARN_OBJC_LITERAL_CONVERSION = YES;
				CLANG_WARN_OBJC_ROOT_CLASS = YES_ERROR;
				CLANG_WARN_RANGE_LOOP_ANALYSIS = YES;
				CLANG_WARN_STRICT_PROTOTYPES = YES;
				CLANG_WARN_SUSPICIOUS_MOVE = YES;
				CLANG_WARN_UNGUARDED_AVAILABILITY = YES_AGGRESSIVE;
				CLANG_WARN_UNREACHABLE_CODE = YES;
				CLANG_WARN__DUPLICATE_METHOD_MATCH = YES;
				CODE_SIGN_IDENTITY = "iPhone Developer";
				COPY_PHASE_STRIP = NO;
				DEBUG_INFORMATION_FORMAT = dwarf;
				ENABLE_STRICT_OBJC_MSGSEND = YES;
				ENABLE_TESTABILITY = YES;
				GCC_C_LANGUAGE_STANDARD = gnu11;
				GCC_DYNAMIC_NO_PIC = NO;
				GCC_NO_COMMON_BLOCKS = YES;
				GCC_OPTIMIZATION_LEVEL = 0;
				GCC_PREPROCESSOR_DEFINITIONS = (
					"DEBUG=1",
					"$(inherited)",
				);
				GCC_WARN_64_TO_32_BIT_CONVERSION = YES;
				GCC_WARN_ABOUT_RETURN_TYPE = YES_ERROR;
				GCC_WARN_UNDECLARED_SELECTOR = YES;
				GCC_WARN_UNINITIALIZED_AUTOS = YES_AGGRESSIVE;
				GCC_WARN_UNUSED_FUNCTION = YES;
				GCC_WARN_UNUSED_VARIABLE = YES;
				IPHONEOS_DEPLOYMENT_TARGET = 11.4;
				MTL_ENABLE_DEBUG_INFO = YES;
				ONLY_ACTIVE_ARCH = YES;
				SDKROOT = iphoneos;
				SWIFT_ACTIVE_COMPILATION_CONDITIONS = DEBUG;
				SWIFT_OPTIMIZATION_LEVEL = "-Onone";
			};
			name = Debug;
		};
		F40A4E9B2214B7D9006D9526 /* Release */ = {
			isa = XCBuildConfiguration;
			buildSettings = {
				ALWAYS_SEARCH_USER_PATHS = NO;
				CLANG_ANALYZER_NONNULL = YES;
				CLANG_ANALYZER_NUMBER_OBJECT_CONVERSION = YES_AGGRESSIVE;
				CLANG_CXX_LANGUAGE_STANDARD = "gnu++14";
				CLANG_CXX_LIBRARY = "libc++";
				CLANG_ENABLE_MODULES = YES;
				CLANG_ENABLE_OBJC_ARC = YES;
				CLANG_ENABLE_OBJC_WEAK = YES;
				CLANG_WARN_BLOCK_CAPTURE_AUTORELEASING = YES;
				CLANG_WARN_BOOL_CONVERSION = YES;
				CLANG_WARN_COMMA = YES;
				CLANG_WARN_CONSTANT_CONVERSION = YES;
				CLANG_WARN_DEPRECATED_OBJC_IMPLEMENTATIONS = YES;
				CLANG_WARN_DIRECT_OBJC_ISA_USAGE = YES_ERROR;
				CLANG_WARN_DOCUMENTATION_COMMENTS = YES;
				CLANG_WARN_EMPTY_BODY = YES;
				CLANG_WARN_ENUM_CONVERSION = YES;
				CLANG_WARN_INFINITE_RECURSION = YES;
				CLANG_WARN_INT_CONVERSION = YES;
				CLANG_WARN_NON_LITERAL_NULL_CONVERSION = YES;
				CLANG_WARN_OBJC_IMPLICIT_RETAIN_SELF = YES;
				CLANG_WARN_OBJC_LITERAL_CONVERSION = YES;
				CLANG_WARN_OBJC_ROOT_CLASS = YES_ERROR;
				CLANG_WARN_RANGE_LOOP_ANALYSIS = YES;
				CLANG_WARN_STRICT_PROTOTYPES = YES;
				CLANG_WARN_SUSPICIOUS_MOVE = YES;
				CLANG_WARN_UNGUARDED_AVAILABILITY = YES_AGGRESSIVE;
				CLANG_WARN_UNREACHABLE_CODE = YES;
				CLANG_WARN__DUPLICATE_METHOD_MATCH = YES;
				CODE_SIGN_IDENTITY = "iPhone Developer";
				COPY_PHASE_STRIP = NO;
				DEBUG_INFORMATION_FORMAT = "dwarf-with-dsym";
				ENABLE_NS_ASSERTIONS = NO;
				ENABLE_STRICT_OBJC_MSGSEND = YES;
				GCC_C_LANGUAGE_STANDARD = gnu11;
				GCC_NO_COMMON_BLOCKS = YES;
				GCC_WARN_64_TO_32_BIT_CONVERSION = YES;
				GCC_WARN_ABOUT_RETURN_TYPE = YES_ERROR;
				GCC_WARN_UNDECLARED_SELECTOR = YES;
				GCC_WARN_UNINITIALIZED_AUTOS = YES_AGGRESSIVE;
				GCC_WARN_UNUSED_FUNCTION = YES;
				GCC_WARN_UNUSED_VARIABLE = YES;
				IPHONEOS_DEPLOYMENT_TARGET = 11.4;
				MTL_ENABLE_DEBUG_INFO = NO;
				SDKROOT = iphoneos;
				SWIFT_COMPILATION_MODE = wholemodule;
				SWIFT_OPTIMIZATION_LEVEL = "-O";
				VALIDATE_PRODUCT = YES;
			};
			name = Release;
		};
		F40A4E9D2214B7D9006D9526 /* Debug */ = {
			isa = XCBuildConfiguration;
			buildSettings = {
				ASSETCATALOG_COMPILER_APPICON_NAME = AppIcon;
				CODE_SIGN_STYLE = Automatic;
				DEVELOPMENT_TEAM = BT76VTR4ZX;
				FRAMEWORK_SEARCH_PATHS = (
					"$(inherited)",
					"$(PROJECT_DIR)",
				);
				GCC_PREFIX_HEADER = "";
				HEADER_SEARCH_PATHS = "";
				INFOPLIST_FILE = DungaApp/Info.plist;
				LD_RUNPATH_SEARCH_PATHS = (
					"$(inherited)",
					"@executable_path/Frameworks",
				);
				OTHER_LDFLAGS = "-ObjC";
				PRODUCT_BUNDLE_IDENTIFIER = HotFireGames.DungaApp;
				PRODUCT_NAME = "$(TARGET_NAME)";
				SWIFT_OBJC_BRIDGING_HEADER = "";
				SWIFT_VERSION = 4.0;
				TARGETED_DEVICE_FAMILY = "1,2";
				USER_HEADER_SEARCH_PATHS = "$(SRCROOT)";
			};
			name = Debug;
		};
		F40A4E9E2214B7D9006D9526 /* Release */ = {
			isa = XCBuildConfiguration;
			buildSettings = {
				ASSETCATALOG_COMPILER_APPICON_NAME = AppIcon;
				CODE_SIGN_STYLE = Automatic;
				DEVELOPMENT_TEAM = BT76VTR4ZX;
				FRAMEWORK_SEARCH_PATHS = (
					"$(inherited)",
					"$(PROJECT_DIR)",
				);
				GCC_PREFIX_HEADER = "";
				HEADER_SEARCH_PATHS = "";
				INFOPLIST_FILE = DungaApp/Info.plist;
				LD_RUNPATH_SEARCH_PATHS = (
					"$(inherited)",
					"@executable_path/Frameworks",
				);
				OTHER_LDFLAGS = "-ObjC";
				PRODUCT_BUNDLE_IDENTIFIER = HotFireGames.DungaApp;
				PRODUCT_NAME = "$(TARGET_NAME)";
				SWIFT_OBJC_BRIDGING_HEADER = "";
				SWIFT_VERSION = 4.0;
				TARGETED_DEVICE_FAMILY = "1,2";
				USER_HEADER_SEARCH_PATHS = "$(SRCROOT)";
			};
			name = Release;
		};
		F40A4EA02214B7D9006D9526 /* Debug */ = {
			isa = XCBuildConfiguration;
			buildSettings = {
				ALWAYS_EMBED_SWIFT_STANDARD_LIBRARIES = YES;
				BUNDLE_LOADER = "$(TEST_HOST)";
				CODE_SIGN_STYLE = Automatic;
				DEVELOPMENT_TEAM = BT76VTR4ZX;
				INFOPLIST_FILE = DungaAppTests/Info.plist;
				LD_RUNPATH_SEARCH_PATHS = (
					"$(inherited)",
					"@executable_path/Frameworks",
					"@loader_path/Frameworks",
				);
				PRODUCT_BUNDLE_IDENTIFIER = HotFireGames.DungaAppTests;
				PRODUCT_NAME = "$(TARGET_NAME)";
				SWIFT_VERSION = 4.0;
				TARGETED_DEVICE_FAMILY = "1,2";
				TEST_HOST = "$(BUILT_PRODUCTS_DIR)/DungaApp.app/DungaApp";
			};
			name = Debug;
		};
		F40A4EA12214B7D9006D9526 /* Release */ = {
			isa = XCBuildConfiguration;
			buildSettings = {
				ALWAYS_EMBED_SWIFT_STANDARD_LIBRARIES = YES;
				BUNDLE_LOADER = "$(TEST_HOST)";
				CODE_SIGN_STYLE = Automatic;
				DEVELOPMENT_TEAM = BT76VTR4ZX;
				INFOPLIST_FILE = DungaAppTests/Info.plist;
				LD_RUNPATH_SEARCH_PATHS = (
					"$(inherited)",
					"@executable_path/Frameworks",
					"@loader_path/Frameworks",
				);
				PRODUCT_BUNDLE_IDENTIFIER = HotFireGames.DungaAppTests;
				PRODUCT_NAME = "$(TARGET_NAME)";
				SWIFT_VERSION = 4.0;
				TARGETED_DEVICE_FAMILY = "1,2";
				TEST_HOST = "$(BUILT_PRODUCTS_DIR)/DungaApp.app/DungaApp";
			};
			name = Release;
		};
		F40A4EA32214B7D9006D9526 /* Debug */ = {
			isa = XCBuildConfiguration;
			buildSettings = {
				ALWAYS_EMBED_SWIFT_STANDARD_LIBRARIES = YES;
				CODE_SIGN_STYLE = Automatic;
				DEVELOPMENT_TEAM = BT76VTR4ZX;
				INFOPLIST_FILE = DungaAppUITests/Info.plist;
				LD_RUNPATH_SEARCH_PATHS = (
					"$(inherited)",
					"@executable_path/Frameworks",
					"@loader_path/Frameworks",
				);
				PRODUCT_BUNDLE_IDENTIFIER = HotFireGames.DungaAppUITests;
				PRODUCT_NAME = "$(TARGET_NAME)";
				SWIFT_VERSION = 4.0;
				TARGETED_DEVICE_FAMILY = "1,2";
				TEST_TARGET_NAME = DungaApp;
			};
			name = Debug;
		};
		F40A4EA42214B7D9006D9526 /* Release */ = {
			isa = XCBuildConfiguration;
			buildSettings = {
				ALWAYS_EMBED_SWIFT_STANDARD_LIBRARIES = YES;
				CODE_SIGN_STYLE = Automatic;
				DEVELOPMENT_TEAM = BT76VTR4ZX;
				INFOPLIST_FILE = DungaAppUITests/Info.plist;
				LD_RUNPATH_SEARCH_PATHS = (
					"$(inherited)",
					"@executable_path/Frameworks",
					"@loader_path/Frameworks",
				);
				PRODUCT_BUNDLE_IDENTIFIER = HotFireGames.DungaAppUITests;
				PRODUCT_NAME = "$(TARGET_NAME)";
				SWIFT_VERSION = 4.0;
				TARGETED_DEVICE_FAMILY = "1,2";
				TEST_TARGET_NAME = DungaApp;
			};
			name = Release;
		};
/* End XCBuildConfiguration section */

/* Begin XCConfigurationList section */
		F40A4E692214B7D8006D9526 /* Build configuration list for PBXProject "DungaApp" */ = {
			isa = XCConfigurationList;
			buildConfigurations = (
				F40A4E9A2214B7D9006D9526 /* Debug */,
				F40A4E9B2214B7D9006D9526 /* Release */,
			);
			defaultConfigurationIsVisible = 0;
			defaultConfigurationName = Release;
		};
		F40A4E9C2214B7D9006D9526 /* Build configuration list for PBXNativeTarget "DungaApp" */ = {
			isa = XCConfigurationList;
			buildConfigurations = (
				F40A4E9D2214B7D9006D9526 /* Debug */,
				F40A4E9E2214B7D9006D9526 /* Release */,
			);
			defaultConfigurationIsVisible = 0;
			defaultConfigurationName = Release;
		};
		F40A4E9F2214B7D9006D9526 /* Build configuration list for PBXNativeTarget "DungaAppTests" */ = {
			isa = XCConfigurationList;
			buildConfigurations = (
				F40A4EA02214B7D9006D9526 /* Debug */,
				F40A4EA12214B7D9006D9526 /* Release */,
			);
			defaultConfigurationIsVisible = 0;
			defaultConfigurationName = Release;
		};
		F40A4EA22214B7D9006D9526 /* Build configuration list for PBXNativeTarget "DungaAppUITests" */ = {
			isa = XCConfigurationList;
			buildConfigurations = (
				F40A4EA32214B7D9006D9526 /* Debug */,
				F40A4EA42214B7D9006D9526 /* Release */,
			);
			defaultConfigurationIsVisible = 0;
			defaultConfigurationName = Release;
		};
/* End XCConfigurationList section */
	};
	rootObject = F40A4E662214B7D8006D9526 /* Project object */;
}
